
Microsoft Visual Studio Solution File, Format Version 12.00
# Visual Studio Version 17
VisualStudioVersion = 17.6.33815.320
MinimumVisualStudioVersion = 10.0.40219.1
Project("{9A19103F-16F7-4668-BE54-9A1E7A4F7556}") = "GameServer", "GameServer\GameServer.csproj", "{38A81907-D703-4AF7-B49A-E535FDDF2E50}"
EndProject
Project("{9A19103F-16F7-4668-BE54-9A1E7A4F7556}") = "Common", "Common\Common.csproj", "{1D351F85-7ADB-4003-8874-EF0B4DCC956B}"
EndProject
Project("{9A19103F-16F7-4668-BE54-9A1E7A4F7556}") = "TestClient", "TestClient\TestClient.csproj", "{4D529F1E-E75D-4964-ACB2-AAFD8DA8667D}"
EndProject
Project("{9A19103F-16F7-4668-BE54-9A1E7A4F7556}") = "AOI", "ThirdParty\AOI\AOI.csproj", "{109F26BC-D813-4B1E-BB12-49C4639F3BA1}"
EndProject
Global
	GlobalSection(SolutionConfigurationPlatforms) = preSolution
		Debug|Any CPU = Debug|Any CPU
		Release|Any CPU = Release|Any CPU
	EndGlobalSection
	GlobalSection(ProjectConfigurationPlatforms) = postSolution
		{38A81907-D703-4AF7-B49A-E535FDDF2E50}.Debug|Any CPU.ActiveCfg = Debug|Any CPU
		{38A81907-D703-4AF7-B49A-E535FDDF2E50}.Debug|Any CPU.Build.0 = Debug|Any CPU
		{38A81907-D703-4AF7-B49A-E535FDDF2E50}.Release|Any CPU.ActiveCfg = Release|Any CPU
		{38A81907-D703-4AF7-B49A-E535FDDF2E50}.Release|Any CPU.Build.0 = Release|Any CPU
		{1D351F85-7ADB-4003-8874-EF0B4DCC956B}.Debug|Any CPU.ActiveCfg = Debug|Any CPU
		{1D351F85-7ADB-4003-8874-EF0B4DCC956B}.Debug|Any CPU.Build.0 = Debug|Any CPU
		{1D351F85-7ADB-4003-8874-EF0B4DCC956B}.Release|Any CPU.ActiveCfg = Release|Any CPU
		{1D351F85-7ADB-4003-8874-EF0B4DCC956B}.Release|Any CPU.Build.0 = Release|Any CPU
		{4D529F1E-E75D-4964-ACB2-AAFD8DA8667D}.Debug|Any CPU.ActiveCfg = Debug|Any CPU
		{4D529F1E-E75D-4964-ACB2-AAFD8DA8667D}.Debug|Any CPU.Build.0 = Debug|Any CPU
		{4D529F1E-E75D-4964-ACB2-AAFD8DA8667D}.Release|Any CPU.ActiveCfg = Release|Any CPU
		{4D529F1E-E75D-4964-ACB2-AAFD8DA8667D}.Release|Any CPU.Build.0 = Release|Any CPU
		{109F26BC-D813-4B1E-BB12-49C4639F3BA1}.Debug|Any CPU.ActiveCfg = Debug|Any CPU
		{109F26BC-D813-4B1E-BB12-49C4639F3BA1}.Debug|Any CPU.Build.0 = Debug|Any CPU
		{109F26BC-D813-4B1E-BB12-49C4639F3BA1}.Release|Any CPU.ActiveCfg = Release|Any CPU
		{109F26BC-D813-4B1E-BB12-49C4639F3BA1}.Release|Any CPU.Build.0 = Release|Any CPU
	EndGlobalSection
	GlobalSection(SolutionProperties) = preSolution
		HideSolutionNode = FALSE
	EndGlobalSection
	GlobalSection(ExtensibilityGlobals) = postSolution
		SolutionGuid = {383D36FB-F527-413C-97C9-D23A34546C89}
	EndGlobalSection
EndGlobal
